
Microsoft Visual Studio Solution File, Format Version 12.00
# Visual Studio Version 16
VisualStudioVersion = 16.0.30523.141
MinimumVisualStudioVersion = 10.0.40219.1
Project("{8BC9CEB8-8B4A-11D0-8D11-00A0C91BC942}") = "Airspy1090", "Airspy1090.vcxproj", "{999A9E97-6978-44AA-8619-BC1396B65666}"
EndProject
Global
	GlobalSection(SolutionConfigurationPlatforms) = preSolution
		Debug|x64 = Debug|x64
		Debug|x86 = Debug|x86
		Release|x64 = Release|x64
		Release|x86 = Release|x86
	EndGlobalSection
	GlobalSection(ProjectConfigurationPlatforms) = postSolution
		{999A9E97-6978-44AA-8619-BC1396B65666}.Debug|x64.ActiveCfg = Debug|x64
		{999A9E97-6978-44AA-8619-BC1396B65666}.Debug|x64.Build.0 = Debug|x64
		{999A9E97-6978-44AA-8619-BC1396B65666}.Debug|x86.ActiveCfg = Debug|Win32
		{999A9E97-6978-44AA-8619-BC1396B65666}.Debug|x86.Build.0 = Debug|Win32
		{999A9E97-6978-44AA-8619-BC1396B65666}.Release|x64.ActiveCfg = Release|x64
		{999A9E97-6978-44AA-8619-BC1396B65666}.Release|x64.Build.0 = Release|x64
		{999A9E97-6978-44AA-8619-BC1396B65666}.Release|x86.ActiveCfg = Release|Win32
		{999A9E97-6978-44AA-8619-BC1396B65666}.Release|x86.Build.0 = Release|Win32
	EndGlobalSection
	GlobalSection(SolutionProperties) = preSolution
		HideSolutionNode = FALSE
	EndGlobalSection
	GlobalSection(ExtensibilityGlobals) = postSolution
		SolutionGuid = {1CF213FB-5623-4BA2-A39B-3BDF33DA684D}
	EndGlobalSection
EndGlobal
